<?xml version="1.0" encoding="utf-8"?>
<Project ToolsVersion="4.0" xmlns="http://schemas.microsoft.com/developer/msbuild/2003">
  <ItemGroup>
    <Filter Include="Source Files">
      <UniqueIdentifier>{4FC737F1-C7A5-4376-A066-2A32D752A2FF}</UniqueIdentifier>
      <Extensions>cpp;c;cc;cxx;def;odl;idl;hpj;bat;asm;asmx</Extensions>
    </Filter>
    <Filter Include="Header Files">
      <UniqueIdentifier>{93995380-89BD-4b04-88EB-625FBE52EBFB}</UniqueIdentifier>
      <Extensions>h;hh;hpp;hxx;hm;inl;inc;xsd</Extensions>
    </Filter>
    <Filter Include="Resource Files">
      <UniqueIdentifier>{67DA6AB6-F800-4c08-8B7A-83BB121AAD01}</UniqueIdentifier>
      <Extensions>rc;ico;cur;bmp;dlg;rc2;rct;bin;rgs;gif;jpg;jpeg;jpe;resx;tiff;tif;png;wav;mfcribbon-ms</Extensions>
    </Filter>
  </ItemGroup>
  <ItemGroup>
    <ClCompile Include="main.cpp">
      <Filter>Source Files</Filter>
    </ClCompile>
    <ClCompile Include="NESCPU.cpp">
      <Filter>Source Files</Filter>
    </ClCompile>
    <ClCompile Include="NESEmulator.cpp">
      <Filter>Source Files</Filter>
    </ClCompile>
    <ClCompile Include="NESGamePak.cpp">
      <Filter>Source Files</Filter>
    </ClCompile>
    <ClCompile Include="NESReadBuffer.cpp">
      <Filter>Source Files</Filter>
    </ClCompile>
    <ClCompile Include="NESMemory.cpp">
      <Filter>Source Files</Filter>
    </ClCompile>
    <ClCompile Include="NESCPUMemoryBus.cpp">
      <Filter>Source Files</Filter>
    </ClCompile>
    <ClCompile Include="NESPPUMemoryBus.cpp">
      <Filter>Source Files</Filter>
    </ClCompile>
    <ClCompile Include="NESPPU.cpp">
      <Filter>Source Files</Filter>
    </ClCompile>
  </ItemGroup>
  <ItemGroup>
    <ClInclude Include="NESCPU.h">
      <Filter>Header Files</Filter>
    </ClInclude>
    <ClInclude Include="NESTypes.h">
      <Filter>Header Files</Filter>
    </ClInclude>
    <ClInclude Include="NESMemory.h">
      <Filter>Header Files</Filter>
    </ClInclude>
    <ClInclude Include="NESMemoryConstants.h">
      <Filter>Header Files</Filter>
    </ClInclude>
    <ClInclude Include="NESCPUConstants.h">
      <Filter>Header Files</Filter>
    </ClInclude>
    <ClInclude Include="NESEmulationConstants.h">
      <Filter>Header Files</Filter>
    </ClInclude>
    <ClInclude Include="NESCPUOpConstants.h">
      <Filter>Header Files</Filter>
    </ClInclude>
    <ClInclude Include="NESHelper.h">
      <Filter>Header Files</Filter>
    </ClInclude>
    <ClInclude Include="NESEmulator.h">
      <Filter>Header Files</Filter>
    </ClInclude>
    <ClInclude Include="NESGamePak.h">
      <Filter>Header Files</Filter>
    </ClInclude>
    <ClInclude Include="NESReadBuffer.h">
      <Filter>Header Files</Filter>
    </ClInclude>
    <ClInclude Include="NESCPUMemoryBus.h">
      <Filter>Header Files</Filter>
    </ClInclude>
    <ClInclude Include="NESPPUMemoryBus.h">
      <Filter>Header Files</Filter>
    </ClInclude>
    <ClInclude Include="NESPPU.h">
      <Filter>Header Files</Filter>
    </ClInclude>
    <ClInclude Include="NESPPUColor.h">
      <Filter>Header Files</Filter>
    </ClInclude>
  </ItemGroup>
</Project>